
Microsoft Visual Studio Solution File, Format Version 12.00
# Visual Studio Version 16
VisualStudioVersion = 25.0.1700.3
MinimumVisualStudioVersion = 10.0.40219.1
Project("{FAE04EC0-301F-11D3-BF4B-00C04F79EFBC}") = "FilePathOperations", "FilePathOperations.csproj", "{A5997D85-3D08-405E-BD9D-75451516A5FF}"
EndProject
Global
	GlobalSection(SolutionConfigurationPlatforms) = preSolution
		Debug|Any CPU = Debug|Any CPU
		Release|Any CPU = Release|Any CPU
	EndGlobalSection
	GlobalSection(ProjectConfigurationPlatforms) = postSolution
		{A5997D85-3D08-405E-BD9D-75451516A5FF}.Debug|Any CPU.ActiveCfg = Debug|Any CPU
		{A5997D85-3D08-405E-BD9D-75451516A5FF}.Debug|Any CPU.Build.0 = Debug|Any CPU
		{A5997D85-3D08-405E-BD9D-75451516A5FF}.Release|Any CPU.ActiveCfg = Release|Any CPU
		{A5997D85-3D08-405E-BD9D-75451516A5FF}.Release|Any CPU.Build.0 = Release|Any CPU
	EndGlobalSection
	GlobalSection(SolutionProperties) = preSolution
		HideSolutionNode = FALSE
	EndGlobalSection
	GlobalSection(ExtensibilityGlobals) = postSolution
		SolutionGuid = {10653510-E41B-4B4E-91EA-1F31EC7F911C}
	EndGlobalSection
EndGlobal
