
Microsoft Visual Studio Solution File, Format Version 12.00
# Visual Studio Version 16
VisualStudioVersion = 25.0.1700.3
MinimumVisualStudioVersion = 10.0.40219.1
Project("{FAE04EC0-301F-11D3-BF4B-00C04F79EFBC}") = "SortTheOdd", "SortTheOdd.csproj", "{ECBB4845-8003-4CB6-99F4-8B3A5C1A4287}"
EndProject
Global
	GlobalSection(SolutionConfigurationPlatforms) = preSolution
		Debug|Any CPU = Debug|Any CPU
		Release|Any CPU = Release|Any CPU
	EndGlobalSection
	GlobalSection(ProjectConfigurationPlatforms) = postSolution
		{ECBB4845-8003-4CB6-99F4-8B3A5C1A4287}.Debug|Any CPU.ActiveCfg = Debug|Any CPU
		{ECBB4845-8003-4CB6-99F4-8B3A5C1A4287}.Debug|Any CPU.Build.0 = Debug|Any CPU
		{ECBB4845-8003-4CB6-99F4-8B3A5C1A4287}.Release|Any CPU.ActiveCfg = Release|Any CPU
		{ECBB4845-8003-4CB6-99F4-8B3A5C1A4287}.Release|Any CPU.Build.0 = Release|Any CPU
	EndGlobalSection
	GlobalSection(SolutionProperties) = preSolution
		HideSolutionNode = FALSE
	EndGlobalSection
	GlobalSection(ExtensibilityGlobals) = postSolution
		SolutionGuid = {92990A6F-150C-4F2E-8FC7-5B86883ECAD1}
	EndGlobalSection
EndGlobal
