
Microsoft Visual Studio Solution File, Format Version 12.00
# Visual Studio Version 16
VisualStudioVersion = 25.0.1700.3
MinimumVisualStudioVersion = 10.0.40219.1
Project("{FAE04EC0-301F-11D3-BF4B-00C04F79EFBC}") = "TheHungerGames-ZooDisaster!", "TheHungerGames-ZooDisaster!.csproj", "{74CA8E7E-3B99-4777-A465-07C96BF341B3}"
EndProject
Global
	GlobalSection(SolutionConfigurationPlatforms) = preSolution
		Debug|Any CPU = Debug|Any CPU
		Release|Any CPU = Release|Any CPU
	EndGlobalSection
	GlobalSection(ProjectConfigurationPlatforms) = postSolution
		{74CA8E7E-3B99-4777-A465-07C96BF341B3}.Debug|Any CPU.ActiveCfg = Debug|Any CPU
		{74CA8E7E-3B99-4777-A465-07C96BF341B3}.Debug|Any CPU.Build.0 = Debug|Any CPU
		{74CA8E7E-3B99-4777-A465-07C96BF341B3}.Release|Any CPU.ActiveCfg = Release|Any CPU
		{74CA8E7E-3B99-4777-A465-07C96BF341B3}.Release|Any CPU.Build.0 = Release|Any CPU
	EndGlobalSection
	GlobalSection(SolutionProperties) = preSolution
		HideSolutionNode = FALSE
	EndGlobalSection
	GlobalSection(ExtensibilityGlobals) = postSolution
		SolutionGuid = {16ECBD26-16DF-46E0-ACAA-8451ED190849}
	EndGlobalSection
EndGlobal
